{
  "schema_version": "1.0.0",
  "sbx_version": "0.38.x",
  "release": "0.5.1",
  "agents": {
    "codex": {"template": "builtin:codex", "custom_template_required": false},
    "claude": {"template": "builtin:claude", "custom_template_required": false},
    "copilot": {"template": "builtin:copilot", "custom_template_required": false}
  },
  "kits": {
    "odoo-mixin": {
      "path": "sandbox/kits/odoo-mixin",
      "version": "0.5.1",
      "spec_sha256": "c9b0bc988414716d914f736396d3bcb991063d101dc383a9317259ca300259b5"
    }
  }
}
